
Microsoft Visual Studio Solution File, Format Version 12.00
# Visual Studio Version 17
VisualStudioVersion = 17.6.33712.159
MinimumVisualStudioVersion = 10.0.40219.1
Project("{FAE04EC0-301F-11D3-BF4B-00C04F79EFBC}") = "API", "src\API\API.csproj", "{E6E3BB7C-461D-4381-8400-23A5F36FD892}"
EndProject
Project("{54A90642-561A-4BB1-A94E-469ADEE60C69}") = "Web", "src\Web\Web.esproj", "{4C2BBE36-8A39-4B45-9C83-7CBAF6D41979}"
EndProject
Project("{2150E333-8FDC-42A3-9474-1A3956D46DE8}") = "src", "src", "{97B0DDA7-CED9-42AE-9BE2-C9C77D52E4C2}"
EndProject
Project("{2150E333-8FDC-42A3-9474-1A3956D46DE8}") = "tests", "tests", "{090CAFAE-816F-4E35-B6C9-C0DF8F61BBCB}"
EndProject
Project("{FAE04EC0-301F-11D3-BF4B-00C04F79EFBC}") = "UnitTests", "tests\UnitTests\UnitTests.csproj", "{3D78DE2C-65F2-4F6C-9A85-E9AD58C06AB9}"
EndProject
Project("{FAE04EC0-301F-11D3-BF4B-00C04F79EFBC}") = "IntegrationTests", "tests\IntegrationTests\IntegrationTests.csproj", "{BD32ECA1-21CC-4FAC-A05B-599B03A26B2E}"
EndProject
Project("{FAE04EC0-301F-11D3-BF4B-00C04F79EFBC}") = "FunctionalTests", "tests\FunctionalTests\FunctionalTests.csproj", "{F4147929-F687-483B-B87D-142467605CBC}"
EndProject
Project("{FAE04EC0-301F-11D3-BF4B-00C04F79EFBC}") = "Core", "src\Core\Core.csproj", "{DD52F551-41C3-4EAF-A8F6-F97958E16587}"
EndProject
Project("{FAE04EC0-301F-11D3-BF4B-00C04F79EFBC}") = "Infrastructure", "src\Infrastructure\Infrastructure.csproj", "{4992B86D-031A-481A-8539-D79405F451C2}"
EndProject
Global
	GlobalSection(SolutionConfigurationPlatforms) = preSolution
		Debug|Any CPU = Debug|Any CPU
		Release|Any CPU = Release|Any CPU
	EndGlobalSection
	GlobalSection(ProjectConfigurationPlatforms) = postSolution
		{E6E3BB7C-461D-4381-8400-23A5F36FD892}.Debug|Any CPU.ActiveCfg = Debug|Any CPU
		{E6E3BB7C-461D-4381-8400-23A5F36FD892}.Debug|Any CPU.Build.0 = Debug|Any CPU
		{E6E3BB7C-461D-4381-8400-23A5F36FD892}.Release|Any CPU.ActiveCfg = Release|Any CPU
		{E6E3BB7C-461D-4381-8400-23A5F36FD892}.Release|Any CPU.Build.0 = Release|Any CPU
		{4C2BBE36-8A39-4B45-9C83-7CBAF6D41979}.Debug|Any CPU.ActiveCfg = Debug|Any CPU
		{4C2BBE36-8A39-4B45-9C83-7CBAF6D41979}.Debug|Any CPU.Build.0 = Debug|Any CPU
		{4C2BBE36-8A39-4B45-9C83-7CBAF6D41979}.Debug|Any CPU.Deploy.0 = Debug|Any CPU
		{4C2BBE36-8A39-4B45-9C83-7CBAF6D41979}.Release|Any CPU.ActiveCfg = Release|Any CPU
		{4C2BBE36-8A39-4B45-9C83-7CBAF6D41979}.Release|Any CPU.Build.0 = Release|Any CPU
		{4C2BBE36-8A39-4B45-9C83-7CBAF6D41979}.Release|Any CPU.Deploy.0 = Release|Any CPU
		{3D78DE2C-65F2-4F6C-9A85-E9AD58C06AB9}.Debug|Any CPU.ActiveCfg = Debug|Any CPU
		{3D78DE2C-65F2-4F6C-9A85-E9AD58C06AB9}.Debug|Any CPU.Build.0 = Debug|Any CPU
		{3D78DE2C-65F2-4F6C-9A85-E9AD58C06AB9}.Release|Any CPU.ActiveCfg = Release|Any CPU
		{3D78DE2C-65F2-4F6C-9A85-E9AD58C06AB9}.Release|Any CPU.Build.0 = Release|Any CPU
		{BD32ECA1-21CC-4FAC-A05B-599B03A26B2E}.Debug|Any CPU.ActiveCfg = Debug|Any CPU
		{BD32ECA1-21CC-4FAC-A05B-599B03A26B2E}.Debug|Any CPU.Build.0 = Debug|Any CPU
		{BD32ECA1-21CC-4FAC-A05B-599B03A26B2E}.Release|Any CPU.ActiveCfg = Release|Any CPU
		{BD32ECA1-21CC-4FAC-A05B-599B03A26B2E}.Release|Any CPU.Build.0 = Release|Any CPU
		{F4147929-F687-483B-B87D-142467605CBC}.Debug|Any CPU.ActiveCfg = Debug|Any CPU
		{F4147929-F687-483B-B87D-142467605CBC}.Debug|Any CPU.Build.0 = Debug|Any CPU
		{F4147929-F687-483B-B87D-142467605CBC}.Release|Any CPU.ActiveCfg = Release|Any CPU
		{F4147929-F687-483B-B87D-142467605CBC}.Release|Any CPU.Build.0 = Release|Any CPU
		{DD52F551-41C3-4EAF-A8F6-F97958E16587}.Debug|Any CPU.ActiveCfg = Debug|Any CPU
		{DD52F551-41C3-4EAF-A8F6-F97958E16587}.Debug|Any CPU.Build.0 = Debug|Any CPU
		{DD52F551-41C3-4EAF-A8F6-F97958E16587}.Release|Any CPU.ActiveCfg = Release|Any CPU
		{DD52F551-41C3-4EAF-A8F6-F97958E16587}.Release|Any CPU.Build.0 = Release|Any CPU
		{4992B86D-031A-481A-8539-D79405F451C2}.Debug|Any CPU.ActiveCfg = Debug|Any CPU
		{4992B86D-031A-481A-8539-D79405F451C2}.Debug|Any CPU.Build.0 = Debug|Any CPU
		{4992B86D-031A-481A-8539-D79405F451C2}.Release|Any CPU.ActiveCfg = Release|Any CPU
		{4992B86D-031A-481A-8539-D79405F451C2}.Release|Any CPU.Build.0 = Release|Any CPU
	EndGlobalSection
	GlobalSection(SolutionProperties) = preSolution
		HideSolutionNode = FALSE
	EndGlobalSection
	GlobalSection(NestedProjects) = preSolution
		{E6E3BB7C-461D-4381-8400-23A5F36FD892} = {97B0DDA7-CED9-42AE-9BE2-C9C77D52E4C2}
		{4C2BBE36-8A39-4B45-9C83-7CBAF6D41979} = {97B0DDA7-CED9-42AE-9BE2-C9C77D52E4C2}
		{3D78DE2C-65F2-4F6C-9A85-E9AD58C06AB9} = {090CAFAE-816F-4E35-B6C9-C0DF8F61BBCB}
		{BD32ECA1-21CC-4FAC-A05B-599B03A26B2E} = {090CAFAE-816F-4E35-B6C9-C0DF8F61BBCB}
		{F4147929-F687-483B-B87D-142467605CBC} = {090CAFAE-816F-4E35-B6C9-C0DF8F61BBCB}
		{DD52F551-41C3-4EAF-A8F6-F97958E16587} = {97B0DDA7-CED9-42AE-9BE2-C9C77D52E4C2}
		{4992B86D-031A-481A-8539-D79405F451C2} = {97B0DDA7-CED9-42AE-9BE2-C9C77D52E4C2}
	EndGlobalSection
	GlobalSection(ExtensibilityGlobals) = postSolution
		SolutionGuid = {10724815-1347-4A35-8F8C-69B2B61A7C15}
	EndGlobalSection
EndGlobal
