
Microsoft Visual Studio Solution File, Format Version 12.00
# Visual Studio Version 16
VisualStudioVersion = 16.0.30204.135
MinimumVisualStudioVersion = 10.0.40219.1
Project("{2150E333-8FDC-42A3-9474-1A3956D46DE8}") = "Tests", "Tests", "{B198AB6B-6C2A-48DA-B87F-DB7AA45DB00C}"
EndProject
Project("{2150E333-8FDC-42A3-9474-1A3956D46DE8}") = "Functional Tests", "Functional Tests", "{0D69BF77-BDAC-4F21-8247-58631CB67673}"
EndProject
Project("{2150E333-8FDC-42A3-9474-1A3956D46DE8}") = "Integration Tests", "Integration Tests", "{8C2BDBA5-51FB-4A4B-B68C-6440162D642E}"
EndProject
Project("{2150E333-8FDC-42A3-9474-1A3956D46DE8}") = "Unit Tests", "Unit Tests", "{005AD916-82BC-4256-AB3D-0CC6A85EF2C1}"
EndProject
Project("{9A19103F-16F7-4668-BE54-9A1E7A4F7556}") = "StrengthQuest.UnitTests", "Tests\Unit Tests\StrengthQuest.UnitTests\StrengthQuest.UnitTests.csproj", "{12D036ED-4BFF-4EBD-9549-9E7683EB7A11}"
EndProject
Project("{9A19103F-16F7-4668-BE54-9A1E7A4F7556}") = "StrengthQuest.IntegrationTests", "Tests\Integration Tests\StrengthQuest.IntegrationTests\StrengthQuest.IntegrationTests.csproj", "{05BA9D93-ACA5-4C5B-AAE6-EA7163994AE8}"
EndProject
Project("{9A19103F-16F7-4668-BE54-9A1E7A4F7556}") = "StrengthQuest.FunctionalTests", "Tests\Functional Tests\StrengthQuest.FunctionalTests\StrengthQuest.FunctionalTests.csproj", "{D729F50E-8594-4FB6-9192-E6ACFDA911F7}"
EndProject
Project("{2150E333-8FDC-42A3-9474-1A3956D46DE8}") = "Infrastructure", "Infrastructure", "{7BBCB3D3-6827-4180-83AB-9F75B0FEF47B}"
EndProject
Project("{9A19103F-16F7-4668-BE54-9A1E7A4F7556}") = "Repository", "Infrastructure\Repository\Repository.csproj", "{DD2EE3D8-A881-4A99-98CA-B6779830EE60}"
EndProject
Project("{9A19103F-16F7-4668-BE54-9A1E7A4F7556}") = "Data", "Infrastructure\Data\Data.csproj", "{56125CD5-8A24-48A3-A8D6-D23A0DC257A5}"
EndProject
Project("{2150E333-8FDC-42A3-9474-1A3956D46DE8}") = "Core", "Core", "{62855145-C808-4452-8DC9-C164F76D02B8}"
EndProject
Project("{9A19103F-16F7-4668-BE54-9A1E7A4F7556}") = "Entities", "Core\Entities\Entities.csproj", "{8DD799B0-1079-4A10-87D1-EAF9F28078C8}"
EndProject
Project("{9A19103F-16F7-4668-BE54-9A1E7A4F7556}") = "Contracts", "Core\Contracts\Contracts.csproj", "{A33B8730-B294-4254-94E4-46CD678AC0E2}"
EndProject
Project("{9A19103F-16F7-4668-BE54-9A1E7A4F7556}") = "Services", "Core\Services\Services.csproj", "{76AB0DB5-61C5-41FD-AF2D-9FF590EE66D4}"
EndProject
Project("{9A19103F-16F7-4668-BE54-9A1E7A4F7556}") = "Extensions", "Core\Extensions\Extensions.csproj", "{4786B7FC-4746-4240-9807-90527DC630D3}"
EndProject
Project("{2150E333-8FDC-42A3-9474-1A3956D46DE8}") = "Web", "Web", "{AD822798-505D-41AD-8AB1-E7AB3E1B5453}"
EndProject
Project("{9A19103F-16F7-4668-BE54-9A1E7A4F7556}") = "Presentation", "Web\Presentation\Presentation.csproj", "{550B57E1-091A-472B-BE66-B5D463A4B1B3}"
EndProject
Project("{9A19103F-16F7-4668-BE54-9A1E7A4F7556}") = "ViewModels", "Web\ViewModels\ViewModels.csproj", "{A7D7FC24-B94B-466F-BD2F-3FB221C6701A}"
EndProject
Global
	GlobalSection(SolutionConfigurationPlatforms) = preSolution
		Debug|Any CPU = Debug|Any CPU
		Release|Any CPU = Release|Any CPU
	EndGlobalSection
	GlobalSection(ProjectConfigurationPlatforms) = postSolution
		{550B57E1-091A-472B-BE66-B5D463A4B1B3}.Debug|Any CPU.ActiveCfg = Debug|Any CPU
		{550B57E1-091A-472B-BE66-B5D463A4B1B3}.Debug|Any CPU.Build.0 = Debug|Any CPU
		{550B57E1-091A-472B-BE66-B5D463A4B1B3}.Release|Any CPU.ActiveCfg = Release|Any CPU
		{550B57E1-091A-472B-BE66-B5D463A4B1B3}.Release|Any CPU.Build.0 = Release|Any CPU
		{8DD799B0-1079-4A10-87D1-EAF9F28078C8}.Debug|Any CPU.ActiveCfg = Debug|Any CPU
		{8DD799B0-1079-4A10-87D1-EAF9F28078C8}.Debug|Any CPU.Build.0 = Debug|Any CPU
		{8DD799B0-1079-4A10-87D1-EAF9F28078C8}.Release|Any CPU.ActiveCfg = Release|Any CPU
		{8DD799B0-1079-4A10-87D1-EAF9F28078C8}.Release|Any CPU.Build.0 = Release|Any CPU
		{A33B8730-B294-4254-94E4-46CD678AC0E2}.Debug|Any CPU.ActiveCfg = Debug|Any CPU
		{A33B8730-B294-4254-94E4-46CD678AC0E2}.Debug|Any CPU.Build.0 = Debug|Any CPU
		{A33B8730-B294-4254-94E4-46CD678AC0E2}.Release|Any CPU.ActiveCfg = Release|Any CPU
		{A33B8730-B294-4254-94E4-46CD678AC0E2}.Release|Any CPU.Build.0 = Release|Any CPU
		{DD2EE3D8-A881-4A99-98CA-B6779830EE60}.Debug|Any CPU.ActiveCfg = Debug|Any CPU
		{DD2EE3D8-A881-4A99-98CA-B6779830EE60}.Debug|Any CPU.Build.0 = Debug|Any CPU
		{DD2EE3D8-A881-4A99-98CA-B6779830EE60}.Release|Any CPU.ActiveCfg = Release|Any CPU
		{DD2EE3D8-A881-4A99-98CA-B6779830EE60}.Release|Any CPU.Build.0 = Release|Any CPU
		{56125CD5-8A24-48A3-A8D6-D23A0DC257A5}.Debug|Any CPU.ActiveCfg = Debug|Any CPU
		{56125CD5-8A24-48A3-A8D6-D23A0DC257A5}.Debug|Any CPU.Build.0 = Debug|Any CPU
		{56125CD5-8A24-48A3-A8D6-D23A0DC257A5}.Release|Any CPU.ActiveCfg = Release|Any CPU
		{56125CD5-8A24-48A3-A8D6-D23A0DC257A5}.Release|Any CPU.Build.0 = Release|Any CPU
		{76AB0DB5-61C5-41FD-AF2D-9FF590EE66D4}.Debug|Any CPU.ActiveCfg = Debug|Any CPU
		{76AB0DB5-61C5-41FD-AF2D-9FF590EE66D4}.Debug|Any CPU.Build.0 = Debug|Any CPU
		{76AB0DB5-61C5-41FD-AF2D-9FF590EE66D4}.Release|Any CPU.ActiveCfg = Release|Any CPU
		{76AB0DB5-61C5-41FD-AF2D-9FF590EE66D4}.Release|Any CPU.Build.0 = Release|Any CPU
		{4786B7FC-4746-4240-9807-90527DC630D3}.Debug|Any CPU.ActiveCfg = Debug|Any CPU
		{4786B7FC-4746-4240-9807-90527DC630D3}.Debug|Any CPU.Build.0 = Debug|Any CPU
		{4786B7FC-4746-4240-9807-90527DC630D3}.Release|Any CPU.ActiveCfg = Release|Any CPU
		{4786B7FC-4746-4240-9807-90527DC630D3}.Release|Any CPU.Build.0 = Release|Any CPU
		{A7D7FC24-B94B-466F-BD2F-3FB221C6701A}.Debug|Any CPU.ActiveCfg = Debug|Any CPU
		{A7D7FC24-B94B-466F-BD2F-3FB221C6701A}.Debug|Any CPU.Build.0 = Debug|Any CPU
		{A7D7FC24-B94B-466F-BD2F-3FB221C6701A}.Release|Any CPU.ActiveCfg = Release|Any CPU
		{A7D7FC24-B94B-466F-BD2F-3FB221C6701A}.Release|Any CPU.Build.0 = Release|Any CPU
		{12D036ED-4BFF-4EBD-9549-9E7683EB7A11}.Debug|Any CPU.ActiveCfg = Debug|Any CPU
		{12D036ED-4BFF-4EBD-9549-9E7683EB7A11}.Debug|Any CPU.Build.0 = Debug|Any CPU
		{12D036ED-4BFF-4EBD-9549-9E7683EB7A11}.Release|Any CPU.ActiveCfg = Release|Any CPU
		{12D036ED-4BFF-4EBD-9549-9E7683EB7A11}.Release|Any CPU.Build.0 = Release|Any CPU
		{05BA9D93-ACA5-4C5B-AAE6-EA7163994AE8}.Debug|Any CPU.ActiveCfg = Debug|Any CPU
		{05BA9D93-ACA5-4C5B-AAE6-EA7163994AE8}.Debug|Any CPU.Build.0 = Debug|Any CPU
		{05BA9D93-ACA5-4C5B-AAE6-EA7163994AE8}.Release|Any CPU.ActiveCfg = Release|Any CPU
		{05BA9D93-ACA5-4C5B-AAE6-EA7163994AE8}.Release|Any CPU.Build.0 = Release|Any CPU
		{D729F50E-8594-4FB6-9192-E6ACFDA911F7}.Debug|Any CPU.ActiveCfg = Debug|Any CPU
		{D729F50E-8594-4FB6-9192-E6ACFDA911F7}.Debug|Any CPU.Build.0 = Debug|Any CPU
		{D729F50E-8594-4FB6-9192-E6ACFDA911F7}.Release|Any CPU.ActiveCfg = Release|Any CPU
		{D729F50E-8594-4FB6-9192-E6ACFDA911F7}.Release|Any CPU.Build.0 = Release|Any CPU
	EndGlobalSection
	GlobalSection(SolutionProperties) = preSolution
		HideSolutionNode = FALSE
	EndGlobalSection
	GlobalSection(NestedProjects) = preSolution
		{550B57E1-091A-472B-BE66-B5D463A4B1B3} = {AD822798-505D-41AD-8AB1-E7AB3E1B5453}
		{8DD799B0-1079-4A10-87D1-EAF9F28078C8} = {62855145-C808-4452-8DC9-C164F76D02B8}
		{A33B8730-B294-4254-94E4-46CD678AC0E2} = {62855145-C808-4452-8DC9-C164F76D02B8}
		{DD2EE3D8-A881-4A99-98CA-B6779830EE60} = {7BBCB3D3-6827-4180-83AB-9F75B0FEF47B}
		{56125CD5-8A24-48A3-A8D6-D23A0DC257A5} = {7BBCB3D3-6827-4180-83AB-9F75B0FEF47B}
		{76AB0DB5-61C5-41FD-AF2D-9FF590EE66D4} = {62855145-C808-4452-8DC9-C164F76D02B8}
		{4786B7FC-4746-4240-9807-90527DC630D3} = {62855145-C808-4452-8DC9-C164F76D02B8}
		{A7D7FC24-B94B-466F-BD2F-3FB221C6701A} = {AD822798-505D-41AD-8AB1-E7AB3E1B5453}
		{0D69BF77-BDAC-4F21-8247-58631CB67673} = {B198AB6B-6C2A-48DA-B87F-DB7AA45DB00C}
		{8C2BDBA5-51FB-4A4B-B68C-6440162D642E} = {B198AB6B-6C2A-48DA-B87F-DB7AA45DB00C}
		{005AD916-82BC-4256-AB3D-0CC6A85EF2C1} = {B198AB6B-6C2A-48DA-B87F-DB7AA45DB00C}
		{12D036ED-4BFF-4EBD-9549-9E7683EB7A11} = {005AD916-82BC-4256-AB3D-0CC6A85EF2C1}
		{05BA9D93-ACA5-4C5B-AAE6-EA7163994AE8} = {8C2BDBA5-51FB-4A4B-B68C-6440162D642E}
		{D729F50E-8594-4FB6-9192-E6ACFDA911F7} = {0D69BF77-BDAC-4F21-8247-58631CB67673}
	EndGlobalSection
	GlobalSection(ExtensibilityGlobals) = postSolution
		SolutionGuid = {BB613435-D94F-4BAD-BB19-9AEFBC905FF3}
	EndGlobalSection
EndGlobal
